// !$*UTF8*$!
{
	archiveVersion = 1;
	classes = {
	};
	objectVersion = 56;
	objects = {

/* Begin PBXBuildFile section */
		4DD4D92028FAF7C900C37FCF /* AppDelegate.swift in Sources */ = {isa = PBXBuildFile; fileRef = 4DD4D91F28FAF7C900C37FCF /* AppDelegate.swift */; };
		4DD4D92228FAF7C900C37FCF /* SceneDelegate.swift in Sources */ = {isa = PBXBuildFile; fileRef = 4DD4D92128FAF7C900C37FCF /* SceneDelegate.swift */; };
		4DD4D92428FAF7C900C37FCF /* ViewController.swift in Sources */ = {isa = PBXBuildFile; fileRef = 4DD4D92328FAF7C900C37FCF /* ViewController.swift */; };
		4DD4D92728FAF7C900C37FCF /* Main.storyboard in Resources */ = {isa = PBXBuildFile; fileRef = 4DD4D92528FAF7C900C37FCF /* Main.storyboard */; };
		4DD4D92928FAF7CA00C37FCF /* Assets.xcassets in Resources */ = {isa = PBXBuildFile; fileRef = 4DD4D92828FAF7CA00C37FCF /* Assets.xcassets */; };
		4DD4D92C28FAF7CA00C37FCF /* LaunchScreen.storyboard in Resources */ = {isa = PBXBuildFile; fileRef = 4DD4D92A28FAF7CA00C37FCF /* LaunchScreen.storyboard */; };
		4DD4D93728FAF7CB00C37FCF /* webViewTests.swift in Sources */ = {isa = PBXBuildFile; fileRef = 4DD4D93628FAF7CB00C37FCF /* webViewTests.swift */; };
		4DD4D94128FAF7CB00C37FCF /* webViewUITests.swift in Sources */ = {isa = PBXBuildFile; fileRef = 4DD4D94028FAF7CB00C37FCF /* webViewUITests.swift */; };
		4DD4D94328FAF7CB00C37FCF /* webViewUITestsLaunchTests.swift in Sources */ = {isa = PBXBuildFile; fileRef = 4DD4D94228FAF7CB00C37FCF /* webViewUITestsLaunchTests.swift */; };
/* End PBXBuildFile section */

/* Begin PBXContainerItemProxy section */
		4DD4D93328FAF7CB00C37FCF /* PBXContainerItemProxy */ = {
			isa = PBXContainerItemProxy;
			containerPortal = 4DD4D91428FAF7C900C37FCF /* Project object */;
			proxyType = 1;
			remoteGlobalIDString = 4DD4D91B28FAF7C900C37FCF;
			remoteInfo = webView;
		};
		4DD4D93D28FAF7CB00C37FCF /* PBXContainerItemProxy */ = {
			isa = PBXContainerItemProxy;
			containerPortal = 4DD4D91428FAF7C900C37FCF /* Project object */;
			proxyType = 1;
			remoteGlobalIDString = 4DD4D91B28FAF7C900C37FCF;
			remoteInfo = webView;
		};
/* End PBXContainerItemProxy section */

/* Begin PBXFileReference section */
		4DD4D91C28FAF7C900C37FCF /* webView.app */ = {isa = PBXFileReference; explicitFileType = wrapper.application; includeInIndex = 0; path = webView.app; sourceTree = BUILT_PRODUCTS_DIR; };
		4DD4D91F28FAF7C900C37FCF /* AppDelegate.swift */ = {isa = PBXFileReference; lastKnownFileType = sourcecode.swift; path = AppDelegate.swift; sourceTree = "<group>"; };
		4DD4D92128FAF7C900C37FCF /* SceneDelegate.swift */ = {isa = PBXFileReference; lastKnownFileType = sourcecode.swift; path = SceneDelegate.swift; sourceTree = "<group>"; };
		4DD4D92328FAF7C900C37FCF /* ViewController.swift */ = {isa = PBXFileReference; lastKnownFileType = sourcecode.swift; path = ViewController.swift; sourceTree = "<group>"; };
		4DD4D92628FAF7C900C37FCF /* Base */ = {isa = PBXFileReference; lastKnownFileType = file.storyboard; name = Base; path = Base.lproj/Main.storyboard; sourceTree = "<group>"; };
		4DD4D92828FAF7CA00C37FCF /* Assets.xcassets */ = {isa = PBXFileReference; lastKnownFileType = folder.assetcatalog; path = Assets.xcassets; sourceTree = "<group>"; };
		4DD4D92B28FAF7CA00C37FCF /* Base */ = {isa = PBXFileReference; lastKnownFileType = file.storyboard; name = Base; path = Base.lproj/LaunchScreen.storyboard; sourceTree = "<group>"; };
		4DD4D92D28FAF7CA00C37FCF /* Info.plist */ = {isa = PBXFileReference; lastKnownFileType = text.plist.xml; path = Info.plist; sourceTree = "<group>"; };
		4DD4D93228FAF7CB00C37FCF /* webViewTests.xctest */ = {isa = PBXFileReference; explicitFileType = wrapper.cfbundle; includeInIndex = 0; path = webViewTests.xctest; sourceTree = BUILT_PRODUCTS_DIR; };
		4DD4D93628FAF7CB00C37FCF /* webViewTests.swift */ = {isa = PBXFileReference; lastKnownFileType = sourcecode.swift; path = webViewTests.swift; sourceTree = "<group>"; };
		4DD4D93C28FAF7CB00C37FCF /* webViewUITests.xctest */ = {isa = PBXFileReference; explicitFileType = wrapper.cfbundle; includeInIndex = 0; path = webViewUITests.xctest; sourceTree = BUILT_PRODUCTS_DIR; };
		4DD4D94028FAF7CB00C37FCF /* webViewUITests.swift */ = {isa = PBXFileReference; lastKnownFileType = sourcecode.swift; path = webViewUITests.swift; sourceTree = "<group>"; };
		4DD4D94228FAF7CB00C37FCF /* webViewUITestsLaunchTests.swift */ = {isa = PBXFileReference; lastKnownFileType = sourcecode.swift; path = webViewUITestsLaunchTests.swift; sourceTree = "<group>"; };
/* End PBXFileReference section */

/* Begin PBXFrameworksBuildPhase section */
		4DD4D91928FAF7C900C37FCF /* Frameworks */ = {
			isa = PBXFrameworksBuildPhase;
			buildActionMask = 2147483647;
			files = (
			);
			runOnlyForDeploymentPostprocessing = 0;
		};
		4DD4D92F28FAF7CB00C37FCF /* Frameworks */ = {
			isa = PBXFrameworksBuildPhase;
			buildActionMask = 2147483647;
			files = (
			);
			runOnlyForDeploymentPostprocessing = 0;
		};
		4DD4D93928FAF7CB00C37FCF /* Frameworks */ = {
			isa = PBXFrameworksBuildPhase;
			buildActionMask = 2147483647;
			files = (
			);
			runOnlyForDeploymentPostprocessing = 0;
		};
/* End PBXFrameworksBuildPhase section */

/* Begin PBXGroup section */
		4DD4D91328FAF7C900C37FCF = {
			isa = PBXGroup;
			children = (
				4DD4D91E28FAF7C900C37FCF /* webView */,
				4DD4D93528FAF7CB00C37FCF /* webViewTests */,
				4DD4D93F28FAF7CB00C37FCF /* webViewUITests */,
				4DD4D91D28FAF7C900C37FCF /* Products */,
			);
			sourceTree = "<group>";
		};
		4DD4D91D28FAF7C900C37FCF /* Products */ = {
			isa = PBXGroup;
			children = (
				4DD4D91C28FAF7C900C37FCF /* webView.app */,
				4DD4D93228FAF7CB00C37FCF /* webViewTests.xctest */,
				4DD4D93C28FAF7CB00C37FCF /* webViewUITests.xctest */,
			);
			name = Products;
			sourceTree = "<group>";
		};
		4DD4D91E28FAF7C900C37FCF /* webView */ = {
			isa = PBXGroup;
			children = (
				4DD4D91F28FAF7C900C37FCF /* AppDelegate.swift */,
				4DD4D92128FAF7C900C37FCF /* SceneDelegate.swift */,
				4DD4D92328FAF7C900C37FCF /* ViewController.swift */,
				4DD4D92528FAF7C900C37FCF /* Main.storyboard */,
				4DD4D92828FAF7CA00C37FCF /* Assets.xcassets */,
				4DD4D92A28FAF7CA00C37FCF /* LaunchScreen.storyboard */,
				4DD4D92D28FAF7CA00C37FCF /* Info.plist */,
			);
			path = webView;
			sourceTree = "<group>";
		};
		4DD4D93528FAF7CB00C37FCF /* webViewTests */ = {
			isa = PBXGroup;
			children = (
				4DD4D93628FAF7CB00C37FCF /* webViewTests.swift */,
			);
			path = webViewTests;
			sourceTree = "<group>";
		};
		4DD4D93F28FAF7CB00C37FCF /* webViewUITests */ = {
			isa = PBXGroup;
			children = (
				4DD4D94028FAF7CB00C37FCF /* webViewUITests.swift */,
				4DD4D94228FAF7CB00C37FCF /* webViewUITestsLaunchTests.swift */,
			);
			path = webViewUITests;
			sourceTree = "<group>";
		};
/* End PBXGroup section */

/* Begin PBXNativeTarget section */
		4DD4D91B28FAF7C900C37FCF /* webView */ = {
			isa = PBXNativeTarget;
			buildConfigurationList = 4DD4D94628FAF7CB00C37FCF /* Build configuration list for PBXNativeTarget "webView" */;
			buildPhases = (
				4DD4D91828FAF7C900C37FCF /* Sources */,
				4DD4D91928FAF7C900C37FCF /* Frameworks */,
				4DD4D91A28FAF7C900C37FCF /* Resources */,
			);
			buildRules = (
			);
			dependencies = (
			);
			name = webView;
			productName = webView;
			productReference = 4DD4D91C28FAF7C900C37FCF /* webView.app */;
			productType = "com.apple.product-type.application";
		};
		4DD4D93128FAF7CB00C37FCF /* webViewTests */ = {
			isa = PBXNativeTarget;
			buildConfigurationList = 4DD4D94928FAF7CB00C37FCF /* Build configuration list for PBXNativeTarget "webViewTests" */;
			buildPhases = (
				4DD4D92E28FAF7CB00C37FCF /* Sources */,
				4DD4D92F28FAF7CB00C37FCF /* Frameworks */,
				4DD4D93028FAF7CB00C37FCF /* Resources */,
			);
			buildRules = (
			);
			dependencies = (
				4DD4D93428FAF7CB00C37FCF /* PBXTargetDependency */,
			);
			name = webViewTests;
			productName = webViewTests;
			productReference = 4DD4D93228FAF7CB00C37FCF /* webViewTests.xctest */;
			productType = "com.apple.product-type.bundle.unit-test";
		};
		4DD4D93B28FAF7CB00C37FCF /* webViewUITests */ = {
			isa = PBXNativeTarget;
			buildConfigurationList = 4DD4D94C28FAF7CB00C37FCF /* Build configuration list for PBXNativeTarget "webViewUITests" */;
			buildPhases = (
				4DD4D93828FAF7CB00C37FCF /* Sources */,
				4DD4D93928FAF7CB00C37FCF /* Frameworks */,
				4DD4D93A28FAF7CB00C37FCF /* Resources */,
			);
			buildRules = (
			);
			dependencies = (
				4DD4D93E28FAF7CB00C37FCF /* PBXTargetDependency */,
			);
			name = webViewUITests;
			productName = webViewUITests;
			productReference = 4DD4D93C28FAF7CB00C37FCF /* webViewUITests.xctest */;
			productType = "com.apple.product-type.bundle.ui-testing";
		};
/* End PBXNativeTarget section */

/* Begin PBXProject section */
		4DD4D91428FAF7C900C37FCF /* Project object */ = {
			isa = PBXProject;
			attributes = {
				BuildIndependentTargetsInParallel = 1;
				LastSwiftUpdateCheck = 1400;
				LastUpgradeCheck = 1400;
				TargetAttributes = {
					4DD4D91B28FAF7C900C37FCF = {
						CreatedOnToolsVersion = 14.0.1;
					};
					4DD4D93128FAF7CB00C37FCF = {
						CreatedOnToolsVersion = 14.0.1;
						TestTargetID = 4DD4D91B28FAF7C900C37FCF;
					};
					4DD4D93B28FAF7CB00C37FCF = {
						CreatedOnToolsVersion = 14.0.1;
						TestTargetID = 4DD4D91B28FAF7C900C37FCF;
					};
				};
			};
			buildConfigurationList = 4DD4D91728FAF7C900C37FCF /* Build configuration list for PBXProject "webView" */;
			compatibilityVersion = "Xcode 14.0";
			developmentRegion = en;
			hasScannedForEncodings = 0;
			knownRegions = (
				en,
				Base,
			);
			mainGroup = 4DD4D91328FAF7C900C37FCF;
			productRefGroup = 4DD4D91D28FAF7C900C37FCF /* Products */;
			projectDirPath = "";
			projectRoot = "";
			targets = (
				4DD4D91B28FAF7C900C37FCF /* webView */,
				4DD4D93128FAF7CB00C37FCF /* webViewTests */,
				4DD4D93B28FAF7CB00C37FCF /* webViewUITests */,
			);
		};
/* End PBXProject section */

/* Begin PBXResourcesBuildPhase section */
		4DD4D91A28FAF7C900C37FCF /* Resources */ = {
			isa = PBXResourcesBuildPhase;
			buildActionMask = 2147483647;
			files = (
				4DD4D92C28FAF7CA00C37FCF /* LaunchScreen.storyboard in Resources */,
				4DD4D92928FAF7CA00C37FCF /* Assets.xcassets in Resources */,
				4DD4D92728FAF7C900C37FCF /* Main.storyboard in Resources */,
			);
			runOnlyForDeploymentPostprocessing = 0;
		};
		4DD4D93028FAF7CB00C37FCF /* Resources */ = {
			isa = PBXResourcesBuildPhase;
			buildActionMask = 2147483647;
			files = (
			);
			runOnlyForDeploymentPostprocessing = 0;
		};
		4DD4D93A28FAF7CB00C37FCF /* Resources */ = {
			isa = PBXResourcesBuildPhase;
			buildActionMask = 2147483647;
			files = (
			);
			runOnlyForDeploymentPostprocessing = 0;
		};
/* End PBXResourcesBuildPhase section */

/* Begin PBXSourcesBuildPhase section */
		4DD4D91828FAF7C900C37FCF /* Sources */ = {
			isa = PBXSourcesBuildPhase;
			buildActionMask = 2147483647;
			files = (
				4DD4D92428FAF7C900C37FCF /* ViewController.swift in Sources */,
				4DD4D92028FAF7C900C37FCF /* AppDelegate.swift in Sources */,
				4DD4D92228FAF7C900C37FCF /* SceneDelegate.swift in Sources */,
			);
			runOnlyForDeploymentPostprocessing = 0;
		};
		4DD4D92E28FAF7CB00C37FCF /* Sources */ = {
			isa = PBXSourcesBuildPhase;
			buildActionMask = 2147483647;
			files = (
				4DD4D93728FAF7CB00C37FCF /* webViewTests.swift in Sources */,
			);
			runOnlyForDeploymentPostprocessing = 0;
		};
		4DD4D93828FAF7CB00C37FCF /* Sources */ = {
			isa = PBXSourcesBuildPhase;
			buildActionMask = 2147483647;
			files = (
				4DD4D94328FAF7CB00C37FCF /* webViewUITestsLaunchTests.swift in Sources */,
				4DD4D94128FAF7CB00C37FCF /* webViewUITests.swift in Sources */,
			);
			runOnlyForDeploymentPostprocessing = 0;
		};
/* End PBXSourcesBuildPhase section */

/* Begin PBXTargetDependency section */
		4DD4D93428FAF7CB00C37FCF /* PBXTargetDependency */ = {
			isa = PBXTargetDependency;
			target = 4DD4D91B28FAF7C900C37FCF /* webView */;
			targetProxy = 4DD4D93328FAF7CB00C37FCF /* PBXContainerItemProxy */;
		};
		4DD4D93E28FAF7CB00C37FCF /* PBXTargetDependency */ = {
			isa = PBXTargetDependency;
			target = 4DD4D91B28FAF7C900C37FCF /* webView */;
			targetProxy = 4DD4D93D28FAF7CB00C37FCF /* PBXContainerItemProxy */;
		};
/* End PBXTargetDependency section */

/* Begin PBXVariantGroup section */
		4DD4D92528FAF7C900C37FCF /* Main.storyboard */ = {
			isa = PBXVariantGroup;
			children = (
				4DD4D92628FAF7C900C37FCF /* Base */,
			);
			name = Main.storyboard;
			sourceTree = "<group>";
		};
		4DD4D92A28FAF7CA00C37FCF /* LaunchScreen.storyboard */ = {
			isa = PBXVariantGroup;
			children = (
				4DD4D92B28FAF7CA00C37FCF /* Base */,
			);
			name = LaunchScreen.storyboard;
			sourceTree = "<group>";
		};
/* End PBXVariantGroup section */

/* Begin XCBuildConfiguration section */
		4DD4D94428FAF7CB00C37FCF /* Debug */ = {
			isa = XCBuildConfiguration;
			buildSettings = {
				ALWAYS_SEARCH_USER_PATHS = NO;
				CLANG_ANALYZER_NONNULL = YES;
				CLANG_ANALYZER_NUMBER_OBJECT_CONVERSION = YES_AGGRESSIVE;
				CLANG_CXX_LANGUAGE_STANDARD = "gnu++20";
				CLANG_ENABLE_MODULES = YES;
				CLANG_ENABLE_OBJC_ARC = YES;
				CLANG_ENABLE_OBJC_WEAK = YES;
				CLANG_WARN_BLOCK_CAPTURE_AUTORELEASING = YES;
				CLANG_WARN_BOOL_CONVERSION = YES;
				CLANG_WARN_COMMA = YES;
				CLANG_WARN_CONSTANT_CONVERSION = YES;
				CLANG_WARN_DEPRECATED_OBJC_IMPLEMENTATIONS = YES;
				CLANG_WARN_DIRECT_OBJC_ISA_USAGE = YES_ERROR;
				CLANG_WARN_DOCUMENTATION_COMMENTS = YES;
				CLANG_WARN_EMPTY_BODY = YES;
				CLANG_WARN_ENUM_CONVERSION = YES;
				CLANG_WARN_INFINITE_RECURSION = YES;
				CLANG_WARN_INT_CONVERSION = YES;
				CLANG_WARN_NON_LITERAL_NULL_CONVERSION = YES;
				CLANG_WARN_OBJC_IMPLICIT_RETAIN_SELF = YES;
				CLANG_WARN_OBJC_LITERAL_CONVERSION = YES;
				CLANG_WARN_OBJC_ROOT_CLASS = YES_ERROR;
				CLANG_WARN_QUOTED_INCLUDE_IN_FRAMEWORK_HEADER = YES;
				CLANG_WARN_RANGE_LOOP_ANALYSIS = YES;
				CLANG_WARN_STRICT_PROTOTYPES = YES;
				CLANG_WARN_SUSPICIOUS_MOVE = YES;
				CLANG_WARN_UNGUARDED_AVAILABILITY = YES_AGGRESSIVE;
				CLANG_WARN_UNREACHABLE_CODE = YES;
				CLANG_WARN__DUPLICATE_METHOD_MATCH = YES;
				COPY_PHASE_STRIP = NO;
				DEBUG_INFORMATION_FORMAT = dwarf;
				ENABLE_STRICT_OBJC_MSGSEND = YES;
				ENABLE_TESTABILITY = YES;
				GCC_C_LANGUAGE_STANDARD = gnu11;
				GCC_DYNAMIC_NO_PIC = NO;
				GCC_NO_COMMON_BLOCKS = YES;
				GCC_OPTIMIZATION_LEVEL = 0;
				GCC_PREPROCESSOR_DEFINITIONS = (
					"DEBUG=1",
					"$(inherited)",
				);
				GCC_WARN_64_TO_32_BIT_CONVERSION = YES;
				GCC_WARN_ABOUT_RETURN_TYPE = YES_ERROR;
				GCC_WARN_UNDECLARED_SELECTOR = YES;
				GCC_WARN_UNINITIALIZED_AUTOS = YES_AGGRESSIVE;
				GCC_WARN_UNUSED_FUNCTION = YES;
				GCC_WARN_UNUSED_VARIABLE = YES;
				IPHONEOS_DEPLOYMENT_TARGET = 16.0;
				MTL_ENABLE_DEBUG_INFO = INCLUDE_SOURCE;
				MTL_FAST_MATH = YES;
				ONLY_ACTIVE_ARCH = YES;
				SDKROOT = iphoneos;
				SWIFT_ACTIVE_COMPILATION_CONDITIONS = DEBUG;
				SWIFT_OPTIMIZATION_LEVEL = "-Onone";
			};
			name = Debug;
		};
		4DD4D94528FAF7CB00C37FCF /* Release */ = {
			isa = XCBuildConfiguration;
			buildSettings = {
				ALWAYS_SEARCH_USER_PATHS = NO;
				CLANG_ANALYZER_NONNULL = YES;
				CLANG_ANALYZER_NUMBER_OBJECT_CONVERSION = YES_AGGRESSIVE;
				CLANG_CXX_LANGUAGE_STANDARD = "gnu++20";
				CLANG_ENABLE_MODULES = YES;
				CLANG_ENABLE_OBJC_ARC = YES;
				CLANG_ENABLE_OBJC_WEAK = YES;
				CLANG_WARN_BLOCK_CAPTURE_AUTORELEASING = YES;
				CLANG_WARN_BOOL_CONVERSION = YES;
				CLANG_WARN_COMMA = YES;
				CLANG_WARN_CONSTANT_CONVERSION = YES;
				CLANG_WARN_DEPRECATED_OBJC_IMPLEMENTATIONS = YES;
				CLANG_WARN_DIRECT_OBJC_ISA_USAGE = YES_ERROR;
				CLANG_WARN_DOCUMENTATION_COMMENTS = YES;
				CLANG_WARN_EMPTY_BODY = YES;
				CLANG_WARN_ENUM_CONVERSION = YES;
				CLANG_WARN_INFINITE_RECURSION = YES;
				CLANG_WARN_INT_CONVERSION = YES;
				CLANG_WARN_NON_LITERAL_NULL_CONVERSION = YES;
				CLANG_WARN_OBJC_IMPLICIT_RETAIN_SELF = YES;
				CLANG_WARN_OBJC_LITERAL_CONVERSION = YES;
				CLANG_WARN_OBJC_ROOT_CLASS = YES_ERROR;
				CLANG_WARN_QUOTED_INCLUDE_IN_FRAMEWORK_HEADER = YES;
				CLANG_WARN_RANGE_LOOP_ANALYSIS = YES;
				CLANG_WARN_STRICT_PROTOTYPES = YES;
				CLANG_WARN_SUSPICIOUS_MOVE = YES;
				CLANG_WARN_UNGUARDED_AVAILABILITY = YES_AGGRESSIVE;
				CLANG_WARN_UNREACHABLE_CODE = YES;
				CLANG_WARN__DUPLICATE_METHOD_MATCH = YES;
				COPY_PHASE_STRIP = NO;
				DEBUG_INFORMATION_FORMAT = "dwarf-with-dsym";
				ENABLE_NS_ASSERTIONS = NO;
				ENABLE_STRICT_OBJC_MSGSEND = YES;
				GCC_C_LANGUAGE_STANDARD = gnu11;
				GCC_NO_COMMON_BLOCKS = YES;
				GCC_WARN_64_TO_32_BIT_CONVERSION = YES;
				GCC_WARN_ABOUT_RETURN_TYPE = YES_ERROR;
				GCC_WARN_UNDECLARED_SELECTOR = YES;
				GCC_WARN_UNINITIALIZED_AUTOS = YES_AGGRESSIVE;
				GCC_WARN_UNUSED_FUNCTION = YES;
				GCC_WARN_UNUSED_VARIABLE = YES;
				IPHONEOS_DEPLOYMENT_TARGET = 16.0;
				MTL_ENABLE_DEBUG_INFO = NO;
				MTL_FAST_MATH = YES;
				SDKROOT = iphoneos;
				SWIFT_COMPILATION_MODE = wholemodule;
				SWIFT_OPTIMIZATION_LEVEL = "-O";
				VALIDATE_PRODUCT = YES;
			};
			name = Release;
		};
		4DD4D94728FAF7CB00C37FCF /* Debug */ = {
			isa = XCBuildConfiguration;
			buildSettings = {
				ASSETCATALOG_COMPILER_APPICON_NAME = AppIcon;
				ASSETCATALOG_COMPILER_GLOBAL_ACCENT_COLOR_NAME = AccentColor;
				CODE_SIGN_STYLE = Automatic;
				CURRENT_PROJECT_VERSION = 1;
				GENERATE_INFOPLIST_FILE = YES;
				INFOPLIST_FILE = webView/Info.plist;
				INFOPLIST_KEY_UIApplicationSupportsIndirectInputEvents = YES;
				INFOPLIST_KEY_UILaunchStoryboardName = LaunchScreen;
				INFOPLIST_KEY_UIMainStoryboardFile = Main;
				INFOPLIST_KEY_UISupportedInterfaceOrientations_iPad = "UIInterfaceOrientationPortrait UIInterfaceOrientationPortraitUpsideDown UIInterfaceOrientationLandscapeLeft UIInterfaceOrientationLandscapeRight";
				INFOPLIST_KEY_UISupportedInterfaceOrientations_iPhone = "UIInterfaceOrientationPortrait UIInterfaceOrientationLandscapeLeft UIInterfaceOrientationLandscapeRight";
				LD_RUNPATH_SEARCH_PATHS = (
					"$(inherited)",
					"@executable_path/Frameworks",
				);
				MARKETING_VERSION = 1.0;
				PRODUCT_BUNDLE_IDENTIFIER = com.example.webView;
				PRODUCT_NAME = "$(TARGET_NAME)";
				SWIFT_EMIT_LOC_STRINGS = YES;
				SWIFT_VERSION = 5.0;
				TARGETED_DEVICE_FAMILY = "1,2";
			};
			name = Debug;
		};
		4DD4D94828FAF7CB00C37FCF /* Release */ = {
			isa = XCBuildConfiguration;
			buildSettings = {
				ASSETCATALOG_COMPILER_APPICON_NAME = AppIcon;
				ASSETCATALOG_COMPILER_GLOBAL_ACCENT_COLOR_NAME = AccentColor;
				CODE_SIGN_STYLE = Automatic;
				CURRENT_PROJECT_VERSION = 1;
				GENERATE_INFOPLIST_FILE = YES;
				INFOPLIST_FILE = webView/Info.plist;
				INFOPLIST_KEY_UIApplicationSupportsIndirectInputEvents = YES;
				INFOPLIST_KEY_UILaunchStoryboardName = LaunchScreen;
				INFOPLIST_KEY_UIMainStoryboardFile = Main;
				INFOPLIST_KEY_UISupportedInterfaceOrientations_iPad = "UIInterfaceOrientationPortrait UIInterfaceOrientationPortraitUpsideDown UIInterfaceOrientationLandscapeLeft UIInterfaceOrientationLandscapeRight";
				INFOPLIST_KEY_UISupportedInterfaceOrientations_iPhone = "UIInterfaceOrientationPortrait UIInterfaceOrientationLandscapeLeft UIInterfaceOrientationLandscapeRight";
				LD_RUNPATH_SEARCH_PATHS = (
					"$(inherited)",
					"@executable_path/Frameworks",
				);
				MARKETING_VERSION = 1.0;
				PRODUCT_BUNDLE_IDENTIFIER = com.example.webView;
				PRODUCT_NAME = "$(TARGET_NAME)";
				SWIFT_EMIT_LOC_STRINGS = YES;
				SWIFT_VERSION = 5.0;
				TARGETED_DEVICE_FAMILY = "1,2";
			};
			name = Release;
		};
		4DD4D94A28FAF7CB00C37FCF /* Debug */ = {
			isa = XCBuildConfiguration;
			buildSettings = {
				ALWAYS_EMBED_SWIFT_STANDARD_LIBRARIES = YES;
				BUNDLE_LOADER = "$(TEST_HOST)";
				CODE_SIGN_STYLE = Automatic;
				CURRENT_PROJECT_VERSION = 1;
				GENERATE_INFOPLIST_FILE = YES;
				IPHONEOS_DEPLOYMENT_TARGET = 16.0;
				MARKETING_VERSION = 1.0;
				PRODUCT_BUNDLE_IDENTIFIER = com.example.webViewTests;
				PRODUCT_NAME = "$(TARGET_NAME)";
				SWIFT_EMIT_LOC_STRINGS = NO;
				SWIFT_VERSION = 5.0;
				TARGETED_DEVICE_FAMILY = "1,2";
				TEST_HOST = "$(BUILT_PRODUCTS_DIR)/webView.app/$(BUNDLE_EXECUTABLE_FOLDER_PATH)/webView";
			};
			name = Debug;
		};
		4DD4D94B28FAF7CB00C37FCF /* Release */ = {
			isa = XCBuildConfiguration;
			buildSettings = {
				ALWAYS_EMBED_SWIFT_STANDARD_LIBRARIES = YES;
				BUNDLE_LOADER = "$(TEST_HOST)";
				CODE_SIGN_STYLE = Automatic;
				CURRENT_PROJECT_VERSION = 1;
				GENERATE_INFOPLIST_FILE = YES;
				IPHONEOS_DEPLOYMENT_TARGET = 16.0;
				MARKETING_VERSION = 1.0;
				PRODUCT_BUNDLE_IDENTIFIER = com.example.webViewTests;
				PRODUCT_NAME = "$(TARGET_NAME)";
				SWIFT_EMIT_LOC_STRINGS = NO;
				SWIFT_VERSION = 5.0;
				TARGETED_DEVICE_FAMILY = "1,2";
				TEST_HOST = "$(BUILT_PRODUCTS_DIR)/webView.app/$(BUNDLE_EXECUTABLE_FOLDER_PATH)/webView";
			};
			name = Release;
		};
		4DD4D94D28FAF7CB00C37FCF /* Debug */ = {
			isa = XCBuildConfiguration;
			buildSettings = {
				ALWAYS_EMBED_SWIFT_STANDARD_LIBRARIES = YES;
				CODE_SIGN_STYLE = Automatic;
				CURRENT_PROJECT_VERSION = 1;
				GENERATE_INFOPLIST_FILE = YES;
				MARKETING_VERSION = 1.0;
				PRODUCT_BUNDLE_IDENTIFIER = com.example.webViewUITests;
				PRODUCT_NAME = "$(TARGET_NAME)";
				SWIFT_EMIT_LOC_STRINGS = NO;
				SWIFT_VERSION = 5.0;
				TARGETED_DEVICE_FAMILY = "1,2";
				TEST_TARGET_NAME = webView;
			};
			name = Debug;
		};
		4DD4D94E28FAF7CB00C37FCF /* Release */ = {
			isa = XCBuildConfiguration;
			buildSettings = {
				ALWAYS_EMBED_SWIFT_STANDARD_LIBRARIES = YES;
				CODE_SIGN_STYLE = Automatic;
				CURRENT_PROJECT_VERSION = 1;
				GENERATE_INFOPLIST_FILE = YES;
				MARKETING_VERSION = 1.0;
				PRODUCT_BUNDLE_IDENTIFIER = com.example.webViewUITests;
				PRODUCT_NAME = "$(TARGET_NAME)";
				SWIFT_EMIT_LOC_STRINGS = NO;
				SWIFT_VERSION = 5.0;
				TARGETED_DEVICE_FAMILY = "1,2";
				TEST_TARGET_NAME = webView;
			};
			name = Release;
		};
/* End XCBuildConfiguration section */

/* Begin XCConfigurationList section */
		4DD4D91728FAF7C900C37FCF /* Build configuration list for PBXProject "webView" */ = {
			isa = XCConfigurationList;
			buildConfigurations = (
				4DD4D94428FAF7CB00C37FCF /* Debug */,
				4DD4D94528FAF7CB00C37FCF /* Release */,
			);
			defaultConfigurationIsVisible = 0;
			defaultConfigurationName = Release;
		};
		4DD4D94628FAF7CB00C37FCF /* Build configuration list for PBXNativeTarget "webView" */ = {
			isa = XCConfigurationList;
			buildConfigurations = (
				4DD4D94728FAF7CB00C37FCF /* Debug */,
				4DD4D94828FAF7CB00C37FCF /* Release */,
			);
			defaultConfigurationIsVisible = 0;
			defaultConfigurationName = Release;
		};
		4DD4D94928FAF7CB00C37FCF /* Build configuration list for PBXNativeTarget "webViewTests" */ = {
			isa = XCConfigurationList;
			buildConfigurations = (
				4DD4D94A28FAF7CB00C37FCF /* Debug */,
				4DD4D94B28FAF7CB00C37FCF /* Release */,
			);
			defaultConfigurationIsVisible = 0;
			defaultConfigurationName = Release;
		};
		4DD4D94C28FAF7CB00C37FCF /* Build configuration list for PBXNativeTarget "webViewUITests" */ = {
			isa = XCConfigurationList;
			buildConfigurations = (
				4DD4D94D28FAF7CB00C37FCF /* Debug */,
				4DD4D94E28FAF7CB00C37FCF /* Release */,
			);
			defaultConfigurationIsVisible = 0;
			defaultConfigurationName = Release;
		};
/* End XCConfigurationList section */
	};
	rootObject = 4DD4D91428FAF7C900C37FCF /* Project object */;
}
